
Microsoft Visual Studio Solution File, Format Version 12.00
# Visual Studio Version 18
VisualStudioVersion = 18.3.11206.111
MinimumVisualStudioVersion = 10.0.40219.1
Project("{2150E333-8FDC-42A3-9474-1A3956D46DE8}") = "src", "src", "{827E0CD3-B72D-47B6-A68D-7590B98EB39B}"
EndProject
Project("{2150E333-8FDC-42A3-9474-1A3956D46DE8}") = "tests", "tests", "{0AB3BF05-4346-4AA6-1389-037BE0695223}"
EndProject
Project("{FAE04EC0-301F-11D3-BF4B-00C04F79EFBC}") = "Hartonomous.Core", "src\Hartonomous.Core\Hartonomous.Core.csproj", "{F5834BB5-0699-4B94-B66A-71CFAFCBA445}"
EndProject
Project("{FAE04EC0-301F-11D3-BF4B-00C04F79EFBC}") = "Hartonomous.Infrastructure", "src\Hartonomous.Infrastructure\Hartonomous.Infrastructure.csproj", "{DDD4C768-74A1-4EE6-B1FD-8D0EF790AB29}"
EndProject
Project("{FAE04EC0-301F-11D3-BF4B-00C04F79EFBC}") = "Hartonomous.Shared.Contracts", "src\Hartonomous.Shared.Contracts\Hartonomous.Shared.Contracts.csproj", "{0D31C0C7-6FDB-4CE5-A5ED-EF6F0F514B55}"
EndProject
Project("{FAE04EC0-301F-11D3-BF4B-00C04F79EFBC}") = "Hartonomous.Api", "src\Hartonomous.Api\Hartonomous.Api.csproj", "{F22BDA52-DB8A-425C-91E0-3BC8FD7093D5}"
EndProject
Project("{FAE04EC0-301F-11D3-BF4B-00C04F79EFBC}") = "Hartonomous.Data.Entities", "src\Hartonomous.Data.Entities\Hartonomous.Data.Entities.csproj", "{6FA0604F-4DC8-4DB2-BF69-10C1F2C9A35D}"
EndProject
Project("{FAE04EC0-301F-11D3-BF4B-00C04F79EFBC}") = "Hartonomous.UnitTests", "tests\Hartonomous.UnitTests\Hartonomous.UnitTests.csproj", "{C3C93727-62C1-4C8B-B322-AE261101ACA3}"
EndProject
Project("{FAE04EC0-301F-11D3-BF4B-00C04F79EFBC}") = "Hartonomous.IntegrationTests", "tests\Hartonomous.IntegrationTests\Hartonomous.IntegrationTests.csproj", "{490E176C-9571-4222-97A0-7434E7D7BBB3}"
EndProject
Project("{FAE04EC0-301F-11D3-BF4B-00C04F79EFBC}") = "Hartonomous.EndToEndTests", "tests\Hartonomous.EndToEndTests\Hartonomous.EndToEndTests.csproj", "{EF2FCDD6-BC87-4048-8D49-E34CFF814431}"
EndProject
Project("{FAE04EC0-301F-11D3-BF4B-00C04F79EFBC}") = "Hartonomous.Core.Performance", "src\Hartonomous.Core.Performance\Hartonomous.Core.Performance.csproj", "{62EB7D10-4AF9-4411-AEB0-24D0ECA0BEB3}"
EndProject
Project("{FAE04EC0-301F-11D3-BF4B-00C04F79EFBC}") = "Hartonomous.Admin", "src\Hartonomous.Admin\Hartonomous.Admin.csproj", "{DAA4138E-646F-4A8F-A230-FBC25699EA87}"
EndProject
Global
	GlobalSection(SolutionConfigurationPlatforms) = preSolution
		Debug|Any CPU = Debug|Any CPU
		Debug|x64 = Debug|x64
		Debug|x86 = Debug|x86
		Release|Any CPU = Release|Any CPU
		Release|x64 = Release|x64
		Release|x86 = Release|x86
	EndGlobalSection
	GlobalSection(ProjectConfigurationPlatforms) = postSolution
		{F5834BB5-0699-4B94-B66A-71CFAFCBA445}.Debug|Any CPU.ActiveCfg = Debug|Any CPU
		{F5834BB5-0699-4B94-B66A-71CFAFCBA445}.Debug|Any CPU.Build.0 = Debug|Any CPU
		{F5834BB5-0699-4B94-B66A-71CFAFCBA445}.Debug|x64.ActiveCfg = Debug|Any CPU
		{F5834BB5-0699-4B94-B66A-71CFAFCBA445}.Debug|x64.Build.0 = Debug|Any CPU
		{F5834BB5-0699-4B94-B66A-71CFAFCBA445}.Debug|x86.ActiveCfg = Debug|Any CPU
		{F5834BB5-0699-4B94-B66A-71CFAFCBA445}.Debug|x86.Build.0 = Debug|Any CPU
		{F5834BB5-0699-4B94-B66A-71CFAFCBA445}.Release|Any CPU.ActiveCfg = Release|Any CPU
		{F5834BB5-0699-4B94-B66A-71CFAFCBA445}.Release|Any CPU.Build.0 = Release|Any CPU
		{F5834BB5-0699-4B94-B66A-71CFAFCBA445}.Release|x64.ActiveCfg = Release|Any CPU
		{F5834BB5-0699-4B94-B66A-71CFAFCBA445}.Release|x64.Build.0 = Release|Any CPU
		{F5834BB5-0699-4B94-B66A-71CFAFCBA445}.Release|x86.ActiveCfg = Release|Any CPU
		{F5834BB5-0699-4B94-B66A-71CFAFCBA445}.Release|x86.Build.0 = Release|Any CPU
		{DDD4C768-74A1-4EE6-B1FD-8D0EF790AB29}.Debug|Any CPU.ActiveCfg = Debug|Any CPU
		{DDD4C768-74A1-4EE6-B1FD-8D0EF790AB29}.Debug|Any CPU.Build.0 = Debug|Any CPU
		{DDD4C768-74A1-4EE6-B1FD-8D0EF790AB29}.Debug|x64.ActiveCfg = Debug|Any CPU
		{DDD4C768-74A1-4EE6-B1FD-8D0EF790AB29}.Debug|x64.Build.0 = Debug|Any CPU
		{DDD4C768-74A1-4EE6-B1FD-8D0EF790AB29}.Debug|x86.ActiveCfg = Debug|Any CPU
		{DDD4C768-74A1-4EE6-B1FD-8D0EF790AB29}.Debug|x86.Build.0 = Debug|Any CPU
		{DDD4C768-74A1-4EE6-B1FD-8D0EF790AB29}.Release|Any CPU.ActiveCfg = Release|Any CPU
		{DDD4C768-74A1-4EE6-B1FD-8D0EF790AB29}.Release|Any CPU.Build.0 = Release|Any CPU
		{DDD4C768-74A1-4EE6-B1FD-8D0EF790AB29}.Release|x64.ActiveCfg = Release|Any CPU
		{DDD4C768-74A1-4EE6-B1FD-8D0EF790AB29}.Release|x64.Build.0 = Release|Any CPU
		{DDD4C768-74A1-4EE6-B1FD-8D0EF790AB29}.Release|x86.ActiveCfg = Release|Any CPU
		{DDD4C768-74A1-4EE6-B1FD-8D0EF790AB29}.Release|x86.Build.0 = Release|Any CPU
		{0D31C0C7-6FDB-4CE5-A5ED-EF6F0F514B55}.Debug|Any CPU.ActiveCfg = Debug|Any CPU
		{0D31C0C7-6FDB-4CE5-A5ED-EF6F0F514B55}.Debug|Any CPU.Build.0 = Debug|Any CPU
		{0D31C0C7-6FDB-4CE5-A5ED-EF6F0F514B55}.Debug|x64.ActiveCfg = Debug|Any CPU
		{0D31C0C7-6FDB-4CE5-A5ED-EF6F0F514B55}.Debug|x64.Build.0 = Debug|Any CPU
		{0D31C0C7-6FDB-4CE5-A5ED-EF6F0F514B55}.Debug|x86.ActiveCfg = Debug|Any CPU
		{0D31C0C7-6FDB-4CE5-A5ED-EF6F0F514B55}.Debug|x86.Build.0 = Debug|Any CPU
		{0D31C0C7-6FDB-4CE5-A5ED-EF6F0F514B55}.Release|Any CPU.ActiveCfg = Release|Any CPU
		{0D31C0C7-6FDB-4CE5-A5ED-EF6F0F514B55}.Release|Any CPU.Build.0 = Release|Any CPU
		{0D31C0C7-6FDB-4CE5-A5ED-EF6F0F514B55}.Release|x64.ActiveCfg = Release|Any CPU
		{0D31C0C7-6FDB-4CE5-A5ED-EF6F0F514B55}.Release|x64.Build.0 = Release|Any CPU
		{0D31C0C7-6FDB-4CE5-A5ED-EF6F0F514B55}.Release|x86.ActiveCfg = Release|Any CPU
		{0D31C0C7-6FDB-4CE5-A5ED-EF6F0F514B55}.Release|x86.Build.0 = Release|Any CPU
		{F22BDA52-DB8A-425C-91E0-3BC8FD7093D5}.Debug|Any CPU.ActiveCfg = Debug|Any CPU
		{F22BDA52-DB8A-425C-91E0-3BC8FD7093D5}.Debug|Any CPU.Build.0 = Debug|Any CPU
		{F22BDA52-DB8A-425C-91E0-3BC8FD7093D5}.Debug|x64.ActiveCfg = Debug|Any CPU
		{F22BDA52-DB8A-425C-91E0-3BC8FD7093D5}.Debug|x64.Build.0 = Debug|Any CPU
		{F22BDA52-DB8A-425C-91E0-3BC8FD7093D5}.Debug|x86.ActiveCfg = Debug|Any CPU
		{F22BDA52-DB8A-425C-91E0-3BC8FD7093D5}.Debug|x86.Build.0 = Debug|Any CPU
		{F22BDA52-DB8A-425C-91E0-3BC8FD7093D5}.Release|Any CPU.ActiveCfg = Release|Any CPU
		{F22BDA52-DB8A-425C-91E0-3BC8FD7093D5}.Release|Any CPU.Build.0 = Release|Any CPU
		{F22BDA52-DB8A-425C-91E0-3BC8FD7093D5}.Release|x64.ActiveCfg = Release|Any CPU
		{F22BDA52-DB8A-425C-91E0-3BC8FD7093D5}.Release|x64.Build.0 = Release|Any CPU
		{F22BDA52-DB8A-425C-91E0-3BC8FD7093D5}.Release|x86.ActiveCfg = Release|Any CPU
		{F22BDA52-DB8A-425C-91E0-3BC8FD7093D5}.Release|x86.Build.0 = Release|Any CPU
		{6FA0604F-4DC8-4DB2-BF69-10C1F2C9A35D}.Debug|Any CPU.ActiveCfg = Debug|Any CPU
		{6FA0604F-4DC8-4DB2-BF69-10C1F2C9A35D}.Debug|Any CPU.Build.0 = Debug|Any CPU
		{6FA0604F-4DC8-4DB2-BF69-10C1F2C9A35D}.Debug|x64.ActiveCfg = Debug|Any CPU
		{6FA0604F-4DC8-4DB2-BF69-10C1F2C9A35D}.Debug|x64.Build.0 = Debug|Any CPU
		{6FA0604F-4DC8-4DB2-BF69-10C1F2C9A35D}.Debug|x86.ActiveCfg = Debug|Any CPU
		{6FA0604F-4DC8-4DB2-BF69-10C1F2C9A35D}.Debug|x86.Build.0 = Debug|Any CPU
		{6FA0604F-4DC8-4DB2-BF69-10C1F2C9A35D}.Release|Any CPU.ActiveCfg = Release|Any CPU
		{6FA0604F-4DC8-4DB2-BF69-10C1F2C9A35D}.Release|Any CPU.Build.0 = Release|Any CPU
		{6FA0604F-4DC8-4DB2-BF69-10C1F2C9A35D}.Release|x64.ActiveCfg = Release|Any CPU
		{6FA0604F-4DC8-4DB2-BF69-10C1F2C9A35D}.Release|x64.Build.0 = Release|Any CPU
		{6FA0604F-4DC8-4DB2-BF69-10C1F2C9A35D}.Release|x86.ActiveCfg = Release|Any CPU
		{6FA0604F-4DC8-4DB2-BF69-10C1F2C9A35D}.Release|x86.Build.0 = Release|Any CPU
		{C3C93727-62C1-4C8B-B322-AE261101ACA3}.Debug|Any CPU.ActiveCfg = Debug|Any CPU
		{C3C93727-62C1-4C8B-B322-AE261101ACA3}.Debug|Any CPU.Build.0 = Debug|Any CPU
		{C3C93727-62C1-4C8B-B322-AE261101ACA3}.Debug|x64.ActiveCfg = Debug|Any CPU
		{C3C93727-62C1-4C8B-B322-AE261101ACA3}.Debug|x64.Build.0 = Debug|Any CPU
		{C3C93727-62C1-4C8B-B322-AE261101ACA3}.Debug|x86.ActiveCfg = Debug|Any CPU
		{C3C93727-62C1-4C8B-B322-AE261101ACA3}.Debug|x86.Build.0 = Debug|Any CPU
		{C3C93727-62C1-4C8B-B322-AE261101ACA3}.Release|Any CPU.ActiveCfg = Release|Any CPU
		{C3C93727-62C1-4C8B-B322-AE261101ACA3}.Release|Any CPU.Build.0 = Release|Any CPU
		{C3C93727-62C1-4C8B-B322-AE261101ACA3}.Release|x64.ActiveCfg = Release|Any CPU
		{C3C93727-62C1-4C8B-B322-AE261101ACA3}.Release|x64.Build.0 = Release|Any CPU
		{C3C93727-62C1-4C8B-B322-AE261101ACA3}.Release|x86.ActiveCfg = Release|Any CPU
		{C3C93727-62C1-4C8B-B322-AE261101ACA3}.Release|x86.Build.0 = Release|Any CPU
		{490E176C-9571-4222-97A0-7434E7D7BBB3}.Debug|Any CPU.ActiveCfg = Debug|Any CPU
		{490E176C-9571-4222-97A0-7434E7D7BBB3}.Debug|Any CPU.Build.0 = Debug|Any CPU
		{490E176C-9571-4222-97A0-7434E7D7BBB3}.Debug|x64.ActiveCfg = Debug|Any CPU
		{490E176C-9571-4222-97A0-7434E7D7BBB3}.Debug|x64.Build.0 = Debug|Any CPU
		{490E176C-9571-4222-97A0-7434E7D7BBB3}.Debug|x86.ActiveCfg = Debug|Any CPU
		{490E176C-9571-4222-97A0-7434E7D7BBB3}.Debug|x86.Build.0 = Debug|Any CPU
		{490E176C-9571-4222-97A0-7434E7D7BBB3}.Release|Any CPU.ActiveCfg = Release|Any CPU
		{490E176C-9571-4222-97A0-7434E7D7BBB3}.Release|Any CPU.Build.0 = Release|Any CPU
		{490E176C-9571-4222-97A0-7434E7D7BBB3}.Release|x64.ActiveCfg = Release|Any CPU
		{490E176C-9571-4222-97A0-7434E7D7BBB3}.Release|x64.Build.0 = Release|Any CPU
		{490E176C-9571-4222-97A0-7434E7D7BBB3}.Release|x86.ActiveCfg = Release|Any CPU
		{490E176C-9571-4222-97A0-7434E7D7BBB3}.Release|x86.Build.0 = Release|Any CPU
		{EF2FCDD6-BC87-4048-8D49-E34CFF814431}.Debug|Any CPU.ActiveCfg = Debug|Any CPU
		{EF2FCDD6-BC87-4048-8D49-E34CFF814431}.Debug|Any CPU.Build.0 = Debug|Any CPU
		{EF2FCDD6-BC87-4048-8D49-E34CFF814431}.Debug|x64.ActiveCfg = Debug|Any CPU
		{EF2FCDD6-BC87-4048-8D49-E34CFF814431}.Debug|x64.Build.0 = Debug|Any CPU
		{EF2FCDD6-BC87-4048-8D49-E34CFF814431}.Debug|x86.ActiveCfg = Debug|Any CPU
		{EF2FCDD6-BC87-4048-8D49-E34CFF814431}.Debug|x86.Build.0 = Debug|Any CPU
		{EF2FCDD6-BC87-4048-8D49-E34CFF814431}.Release|Any CPU.ActiveCfg = Release|Any CPU
		{EF2FCDD6-BC87-4048-8D49-E34CFF814431}.Release|Any CPU.Build.0 = Release|Any CPU
		{EF2FCDD6-BC87-4048-8D49-E34CFF814431}.Release|x64.ActiveCfg = Release|Any CPU
		{EF2FCDD6-BC87-4048-8D49-E34CFF814431}.Release|x64.Build.0 = Release|Any CPU
		{EF2FCDD6-BC87-4048-8D49-E34CFF814431}.Release|x86.ActiveCfg = Release|Any CPU
		{EF2FCDD6-BC87-4048-8D49-E34CFF814431}.Release|x86.Build.0 = Release|Any CPU
		{62EB7D10-4AF9-4411-AEB0-24D0ECA0BEB3}.Debug|Any CPU.ActiveCfg = Debug|Any CPU
		{62EB7D10-4AF9-4411-AEB0-24D0ECA0BEB3}.Debug|Any CPU.Build.0 = Debug|Any CPU
		{62EB7D10-4AF9-4411-AEB0-24D0ECA0BEB3}.Debug|x64.ActiveCfg = Debug|Any CPU
		{62EB7D10-4AF9-4411-AEB0-24D0ECA0BEB3}.Debug|x64.Build.0 = Debug|Any CPU
		{62EB7D10-4AF9-4411-AEB0-24D0ECA0BEB3}.Debug|x86.ActiveCfg = Debug|Any CPU
		{62EB7D10-4AF9-4411-AEB0-24D0ECA0BEB3}.Debug|x86.Build.0 = Debug|Any CPU
		{62EB7D10-4AF9-4411-AEB0-24D0ECA0BEB3}.Release|Any CPU.ActiveCfg = Release|Any CPU
		{62EB7D10-4AF9-4411-AEB0-24D0ECA0BEB3}.Release|Any CPU.Build.0 = Release|Any CPU
		{62EB7D10-4AF9-4411-AEB0-24D0ECA0BEB3}.Release|x64.ActiveCfg = Release|Any CPU
		{62EB7D10-4AF9-4411-AEB0-24D0ECA0BEB3}.Release|x64.Build.0 = Release|Any CPU
		{62EB7D10-4AF9-4411-AEB0-24D0ECA0BEB3}.Release|x86.ActiveCfg = Release|Any CPU
		{62EB7D10-4AF9-4411-AEB0-24D0ECA0BEB3}.Release|x86.Build.0 = Release|Any CPU
		{DAA4138E-646F-4A8F-A230-FBC25699EA87}.Debug|Any CPU.ActiveCfg = Debug|Any CPU
		{DAA4138E-646F-4A8F-A230-FBC25699EA87}.Debug|Any CPU.Build.0 = Debug|Any CPU
		{DAA4138E-646F-4A8F-A230-FBC25699EA87}.Debug|x64.ActiveCfg = Debug|Any CPU
		{DAA4138E-646F-4A8F-A230-FBC25699EA87}.Debug|x64.Build.0 = Debug|Any CPU
		{DAA4138E-646F-4A8F-A230-FBC25699EA87}.Debug|x86.ActiveCfg = Debug|Any CPU
		{DAA4138E-646F-4A8F-A230-FBC25699EA87}.Debug|x86.Build.0 = Debug|Any CPU
		{DAA4138E-646F-4A8F-A230-FBC25699EA87}.Release|Any CPU.ActiveCfg = Release|Any CPU
		{DAA4138E-646F-4A8F-A230-FBC25699EA87}.Release|Any CPU.Build.0 = Release|Any CPU
		{DAA4138E-646F-4A8F-A230-FBC25699EA87}.Release|x64.ActiveCfg = Release|Any CPU
		{DAA4138E-646F-4A8F-A230-FBC25699EA87}.Release|x64.Build.0 = Release|Any CPU
		{DAA4138E-646F-4A8F-A230-FBC25699EA87}.Release|x86.ActiveCfg = Release|Any CPU
		{DAA4138E-646F-4A8F-A230-FBC25699EA87}.Release|x86.Build.0 = Release|Any CPU
	EndGlobalSection
	GlobalSection(SolutionProperties) = preSolution
		HideSolutionNode = FALSE
	EndGlobalSection
	GlobalSection(NestedProjects) = preSolution
		{F5834BB5-0699-4B94-B66A-71CFAFCBA445} = {827E0CD3-B72D-47B6-A68D-7590B98EB39B}
		{DDD4C768-74A1-4EE6-B1FD-8D0EF790AB29} = {827E0CD3-B72D-47B6-A68D-7590B98EB39B}
		{0D31C0C7-6FDB-4CE5-A5ED-EF6F0F514B55} = {827E0CD3-B72D-47B6-A68D-7590B98EB39B}
		{F22BDA52-DB8A-425C-91E0-3BC8FD7093D5} = {827E0CD3-B72D-47B6-A68D-7590B98EB39B}
		{6FA0604F-4DC8-4DB2-BF69-10C1F2C9A35D} = {827E0CD3-B72D-47B6-A68D-7590B98EB39B}
		{DAA4138E-646F-4A8F-A230-FBC25699EA87} = {827E0CD3-B72D-47B6-A68D-7590B98EB39B}
	EndGlobalSection
	GlobalSection(ExtensibilityGlobals) = postSolution
		SolutionGuid = {2B5B49D1-CA22-4BA2-A41C-0E5711B980D4}
	EndGlobalSection
EndGlobal
