
Microsoft Visual Studio Solution File, Format Version 12.00
# Visual Studio Version 17
VisualStudioVersion = 17.5.2.0
MinimumVisualStudioVersion = 10.0.40219.1
Project("{2150E333-8FDC-42A3-9474-1A3956D46DE8}") = "src", "src", "{827E0CD3-B72D-47B6-A68D-7590B98EB39B}"
EndProject
Project("{FAE04EC0-301F-11D3-BF4B-00C04F79EFBC}") = "CesConsumer", "src\CesConsumer\CesConsumer.csproj", "{AD944A97-C7AB-9FF9-CF95-0754C90314A8}"
EndProject
Project("{FAE04EC0-301F-11D3-BF4B-00C04F79EFBC}") = "ModelIngestion", "src\ModelIngestion\ModelIngestion.csproj", "{2EF28482-9D1F-E239-0ED4-D8BE00B43584}"
EndProject
Project("{FAE04EC0-301F-11D3-BF4B-00C04F79EFBC}") = "Neo4jSync", "src\Neo4jSync\Neo4jSync.csproj", "{15A85172-8A6C-1308-F5B0-4332248F1A9A}"
EndProject
Project("{FAE04EC0-301F-11D3-BF4B-00C04F79EFBC}") = "SqlClrFunctions", "src\SqlClr\SqlClrFunctions.csproj", "{84E65BE9-824C-74A1-CDD3-EFBA60038387}"
EndProject
Project("{FAE04EC0-301F-11D3-BF4B-00C04F79EFBC}") = "Hartonomous.Core", "src\Hartonomous.Core\Hartonomous.Core.csproj", "{F5834BB5-0699-4B94-B66A-71CFAFCBA445}"
EndProject
Project("{FAE04EC0-301F-11D3-BF4B-00C04F79EFBC}") = "Hartonomous.Data", "src\Hartonomous.Data\Hartonomous.Data.csproj", "{20796394-C5A9-4EF4-8248-AD9FE7551E0A}"
EndProject
Project("{FAE04EC0-301F-11D3-BF4B-00C04F79EFBC}") = "Hartonomous.Infrastructure", "src\Hartonomous.Infrastructure\Hartonomous.Infrastructure.csproj", "{DDD4C768-74A1-4EE6-B1FD-8D0EF790AB29}"
EndProject
Project("{2150E333-8FDC-42A3-9474-1A3956D46DE8}") = "tests", "tests", "{0AB3BF05-4346-4AA6-1389-037BE0695223}"
EndProject
Project("{FAE04EC0-301F-11D3-BF4B-00C04F79EFBC}") = "Hartonomous.Core.Tests", "tests\Hartonomous.Core.Tests\Hartonomous.Core.Tests.csproj", "{3031AB10-1805-4F98-8316-EE0B503C06C3}"
EndProject
Project("{FAE04EC0-301F-11D3-BF4B-00C04F79EFBC}") = "Hartonomous.Infrastructure.Tests", "tests\Hartonomous.Infrastructure.Tests\Hartonomous.Infrastructure.Tests.csproj", "{BAFF94CA-FC6C-4563-AC79-F2F75FADFD04}"
EndProject
Project("{FAE04EC0-301F-11D3-BF4B-00C04F79EFBC}") = "ModelIngestion.Tests", "tests\ModelIngestion.Tests\ModelIngestion.Tests.csproj", "{D325B54D-5A77-4567-A93F-932B88380E9E}"
EndProject
Project("{FAE04EC0-301F-11D3-BF4B-00C04F79EFBC}") = "Integration.Tests", "tests\Integration.Tests\Integration.Tests.csproj", "{0F744FE8-86CE-4B25-8EEB-A73338C2C055}"
EndProject
Global
	GlobalSection(SolutionConfigurationPlatforms) = preSolution
		Debug|Any CPU = Debug|Any CPU
		Debug|x64 = Debug|x64
		Debug|x86 = Debug|x86
		Release|Any CPU = Release|Any CPU
		Release|x64 = Release|x64
		Release|x86 = Release|x86
	EndGlobalSection
	GlobalSection(ProjectConfigurationPlatforms) = postSolution
		{AD944A97-C7AB-9FF9-CF95-0754C90314A8}.Debug|Any CPU.ActiveCfg = Debug|Any CPU
		{AD944A97-C7AB-9FF9-CF95-0754C90314A8}.Debug|Any CPU.Build.0 = Debug|Any CPU
		{AD944A97-C7AB-9FF9-CF95-0754C90314A8}.Debug|x64.ActiveCfg = Debug|Any CPU
		{AD944A97-C7AB-9FF9-CF95-0754C90314A8}.Debug|x64.Build.0 = Debug|Any CPU
		{AD944A97-C7AB-9FF9-CF95-0754C90314A8}.Debug|x86.ActiveCfg = Debug|Any CPU
		{AD944A97-C7AB-9FF9-CF95-0754C90314A8}.Debug|x86.Build.0 = Debug|Any CPU
		{AD944A97-C7AB-9FF9-CF95-0754C90314A8}.Release|Any CPU.ActiveCfg = Release|Any CPU
		{AD944A97-C7AB-9FF9-CF95-0754C90314A8}.Release|Any CPU.Build.0 = Release|Any CPU
		{AD944A97-C7AB-9FF9-CF95-0754C90314A8}.Release|x64.ActiveCfg = Release|Any CPU
		{AD944A97-C7AB-9FF9-CF95-0754C90314A8}.Release|x64.Build.0 = Release|Any CPU
		{AD944A97-C7AB-9FF9-CF95-0754C90314A8}.Release|x86.ActiveCfg = Release|Any CPU
		{AD944A97-C7AB-9FF9-CF95-0754C90314A8}.Release|x86.Build.0 = Release|Any CPU
		{2EF28482-9D1F-E239-0ED4-D8BE00B43584}.Debug|Any CPU.ActiveCfg = Debug|Any CPU
		{2EF28482-9D1F-E239-0ED4-D8BE00B43584}.Debug|Any CPU.Build.0 = Debug|Any CPU
		{2EF28482-9D1F-E239-0ED4-D8BE00B43584}.Debug|x64.ActiveCfg = Debug|Any CPU
		{2EF28482-9D1F-E239-0ED4-D8BE00B43584}.Debug|x64.Build.0 = Debug|Any CPU
		{2EF28482-9D1F-E239-0ED4-D8BE00B43584}.Debug|x86.ActiveCfg = Debug|Any CPU
		{2EF28482-9D1F-E239-0ED4-D8BE00B43584}.Debug|x86.Build.0 = Debug|Any CPU
		{2EF28482-9D1F-E239-0ED4-D8BE00B43584}.Release|Any CPU.ActiveCfg = Release|Any CPU
		{2EF28482-9D1F-E239-0ED4-D8BE00B43584}.Release|Any CPU.Build.0 = Release|Any CPU
		{2EF28482-9D1F-E239-0ED4-D8BE00B43584}.Release|x64.ActiveCfg = Release|Any CPU
		{2EF28482-9D1F-E239-0ED4-D8BE00B43584}.Release|x64.Build.0 = Release|Any CPU
		{2EF28482-9D1F-E239-0ED4-D8BE00B43584}.Release|x86.ActiveCfg = Release|Any CPU
		{2EF28482-9D1F-E239-0ED4-D8BE00B43584}.Release|x86.Build.0 = Release|Any CPU
		{15A85172-8A6C-1308-F5B0-4332248F1A9A}.Debug|Any CPU.ActiveCfg = Debug|Any CPU
		{15A85172-8A6C-1308-F5B0-4332248F1A9A}.Debug|Any CPU.Build.0 = Debug|Any CPU
		{15A85172-8A6C-1308-F5B0-4332248F1A9A}.Debug|x64.ActiveCfg = Debug|Any CPU
		{15A85172-8A6C-1308-F5B0-4332248F1A9A}.Debug|x64.Build.0 = Debug|Any CPU
		{15A85172-8A6C-1308-F5B0-4332248F1A9A}.Debug|x86.ActiveCfg = Debug|Any CPU
		{15A85172-8A6C-1308-F5B0-4332248F1A9A}.Debug|x86.Build.0 = Debug|Any CPU
		{15A85172-8A6C-1308-F5B0-4332248F1A9A}.Release|Any CPU.ActiveCfg = Release|Any CPU
		{15A85172-8A6C-1308-F5B0-4332248F1A9A}.Release|Any CPU.Build.0 = Release|Any CPU
		{15A85172-8A6C-1308-F5B0-4332248F1A9A}.Release|x64.ActiveCfg = Release|Any CPU
		{15A85172-8A6C-1308-F5B0-4332248F1A9A}.Release|x64.Build.0 = Release|Any CPU
		{15A85172-8A6C-1308-F5B0-4332248F1A9A}.Release|x86.ActiveCfg = Release|Any CPU
		{15A85172-8A6C-1308-F5B0-4332248F1A9A}.Release|x86.Build.0 = Release|Any CPU
		{84E65BE9-824C-74A1-CDD3-EFBA60038387}.Debug|Any CPU.ActiveCfg = Debug|Any CPU
		{84E65BE9-824C-74A1-CDD3-EFBA60038387}.Debug|Any CPU.Build.0 = Debug|Any CPU
		{84E65BE9-824C-74A1-CDD3-EFBA60038387}.Debug|x64.ActiveCfg = Debug|Any CPU
		{84E65BE9-824C-74A1-CDD3-EFBA60038387}.Debug|x64.Build.0 = Debug|Any CPU
		{84E65BE9-824C-74A1-CDD3-EFBA60038387}.Debug|x86.ActiveCfg = Debug|Any CPU
		{84E65BE9-824C-74A1-CDD3-EFBA60038387}.Debug|x86.Build.0 = Debug|Any CPU
		{84E65BE9-824C-74A1-CDD3-EFBA60038387}.Release|Any CPU.ActiveCfg = Release|Any CPU
		{84E65BE9-824C-74A1-CDD3-EFBA60038387}.Release|Any CPU.Build.0 = Release|Any CPU
		{84E65BE9-824C-74A1-CDD3-EFBA60038387}.Release|x64.ActiveCfg = Release|Any CPU
		{84E65BE9-824C-74A1-CDD3-EFBA60038387}.Release|x64.Build.0 = Release|Any CPU
		{84E65BE9-824C-74A1-CDD3-EFBA60038387}.Release|x86.ActiveCfg = Release|Any CPU
		{84E65BE9-824C-74A1-CDD3-EFBA60038387}.Release|x86.Build.0 = Release|Any CPU
		{F5834BB5-0699-4B94-B66A-71CFAFCBA445}.Debug|Any CPU.ActiveCfg = Debug|Any CPU
		{F5834BB5-0699-4B94-B66A-71CFAFCBA445}.Debug|Any CPU.Build.0 = Debug|Any CPU
		{F5834BB5-0699-4B94-B66A-71CFAFCBA445}.Debug|x64.ActiveCfg = Debug|Any CPU
		{F5834BB5-0699-4B94-B66A-71CFAFCBA445}.Debug|x64.Build.0 = Debug|Any CPU
		{F5834BB5-0699-4B94-B66A-71CFAFCBA445}.Debug|x86.ActiveCfg = Debug|Any CPU
		{F5834BB5-0699-4B94-B66A-71CFAFCBA445}.Debug|x86.Build.0 = Debug|Any CPU
		{F5834BB5-0699-4B94-B66A-71CFAFCBA445}.Release|Any CPU.ActiveCfg = Release|Any CPU
		{F5834BB5-0699-4B94-B66A-71CFAFCBA445}.Release|Any CPU.Build.0 = Release|Any CPU
		{F5834BB5-0699-4B94-B66A-71CFAFCBA445}.Release|x64.ActiveCfg = Release|Any CPU
		{F5834BB5-0699-4B94-B66A-71CFAFCBA445}.Release|x64.Build.0 = Release|Any CPU
		{F5834BB5-0699-4B94-B66A-71CFAFCBA445}.Release|x86.ActiveCfg = Release|Any CPU
		{F5834BB5-0699-4B94-B66A-71CFAFCBA445}.Release|x86.Build.0 = Release|Any CPU
		{20796394-C5A9-4EF4-8248-AD9FE7551E0A}.Debug|Any CPU.ActiveCfg = Debug|Any CPU
		{20796394-C5A9-4EF4-8248-AD9FE7551E0A}.Debug|Any CPU.Build.0 = Debug|Any CPU
		{20796394-C5A9-4EF4-8248-AD9FE7551E0A}.Debug|x64.ActiveCfg = Debug|Any CPU
		{20796394-C5A9-4EF4-8248-AD9FE7551E0A}.Debug|x64.Build.0 = Debug|Any CPU
		{20796394-C5A9-4EF4-8248-AD9FE7551E0A}.Debug|x86.ActiveCfg = Debug|Any CPU
		{20796394-C5A9-4EF4-8248-AD9FE7551E0A}.Debug|x86.Build.0 = Debug|Any CPU
		{20796394-C5A9-4EF4-8248-AD9FE7551E0A}.Release|Any CPU.ActiveCfg = Release|Any CPU
		{20796394-C5A9-4EF4-8248-AD9FE7551E0A}.Release|Any CPU.Build.0 = Release|Any CPU
		{20796394-C5A9-4EF4-8248-AD9FE7551E0A}.Release|x64.ActiveCfg = Release|Any CPU
		{20796394-C5A9-4EF4-8248-AD9FE7551E0A}.Release|x64.Build.0 = Release|Any CPU
		{20796394-C5A9-4EF4-8248-AD9FE7551E0A}.Release|x86.ActiveCfg = Release|Any CPU
		{20796394-C5A9-4EF4-8248-AD9FE7551E0A}.Release|x86.Build.0 = Release|Any CPU
		{DDD4C768-74A1-4EE6-B1FD-8D0EF790AB29}.Debug|Any CPU.ActiveCfg = Debug|Any CPU
		{DDD4C768-74A1-4EE6-B1FD-8D0EF790AB29}.Debug|Any CPU.Build.0 = Debug|Any CPU
		{DDD4C768-74A1-4EE6-B1FD-8D0EF790AB29}.Debug|x64.ActiveCfg = Debug|Any CPU
		{DDD4C768-74A1-4EE6-B1FD-8D0EF790AB29}.Debug|x64.Build.0 = Debug|Any CPU
		{DDD4C768-74A1-4EE6-B1FD-8D0EF790AB29}.Debug|x86.ActiveCfg = Debug|Any CPU
		{DDD4C768-74A1-4EE6-B1FD-8D0EF790AB29}.Debug|x86.Build.0 = Debug|Any CPU
		{DDD4C768-74A1-4EE6-B1FD-8D0EF790AB29}.Release|Any CPU.ActiveCfg = Release|Any CPU
		{DDD4C768-74A1-4EE6-B1FD-8D0EF790AB29}.Release|Any CPU.Build.0 = Release|Any CPU
		{DDD4C768-74A1-4EE6-B1FD-8D0EF790AB29}.Release|x64.ActiveCfg = Release|Any CPU
		{DDD4C768-74A1-4EE6-B1FD-8D0EF790AB29}.Release|x64.Build.0 = Release|Any CPU
		{DDD4C768-74A1-4EE6-B1FD-8D0EF790AB29}.Release|x86.ActiveCfg = Release|Any CPU
		{DDD4C768-74A1-4EE6-B1FD-8D0EF790AB29}.Release|x86.Build.0 = Release|Any CPU
		{3031AB10-1805-4F98-8316-EE0B503C06C3}.Debug|Any CPU.ActiveCfg = Debug|Any CPU
		{3031AB10-1805-4F98-8316-EE0B503C06C3}.Debug|Any CPU.Build.0 = Debug|Any CPU
		{3031AB10-1805-4F98-8316-EE0B503C06C3}.Debug|x64.ActiveCfg = Debug|Any CPU
		{3031AB10-1805-4F98-8316-EE0B503C06C3}.Debug|x64.Build.0 = Debug|Any CPU
		{3031AB10-1805-4F98-8316-EE0B503C06C3}.Debug|x86.ActiveCfg = Debug|Any CPU
		{3031AB10-1805-4F98-8316-EE0B503C06C3}.Debug|x86.Build.0 = Debug|Any CPU
		{3031AB10-1805-4F98-8316-EE0B503C06C3}.Release|Any CPU.ActiveCfg = Release|Any CPU
		{3031AB10-1805-4F98-8316-EE0B503C06C3}.Release|Any CPU.Build.0 = Release|Any CPU
		{3031AB10-1805-4F98-8316-EE0B503C06C3}.Release|x64.ActiveCfg = Release|Any CPU
		{3031AB10-1805-4F98-8316-EE0B503C06C3}.Release|x64.Build.0 = Release|Any CPU
		{3031AB10-1805-4F98-8316-EE0B503C06C3}.Release|x86.ActiveCfg = Release|Any CPU
		{3031AB10-1805-4F98-8316-EE0B503C06C3}.Release|x86.Build.0 = Release|Any CPU
		{BAFF94CA-FC6C-4563-AC79-F2F75FADFD04}.Debug|Any CPU.ActiveCfg = Debug|Any CPU
		{BAFF94CA-FC6C-4563-AC79-F2F75FADFD04}.Debug|Any CPU.Build.0 = Debug|Any CPU
		{BAFF94CA-FC6C-4563-AC79-F2F75FADFD04}.Debug|x64.ActiveCfg = Debug|Any CPU
		{BAFF94CA-FC6C-4563-AC79-F2F75FADFD04}.Debug|x64.Build.0 = Debug|Any CPU
		{BAFF94CA-FC6C-4563-AC79-F2F75FADFD04}.Debug|x86.ActiveCfg = Debug|Any CPU
		{BAFF94CA-FC6C-4563-AC79-F2F75FADFD04}.Debug|x86.Build.0 = Debug|Any CPU
		{BAFF94CA-FC6C-4563-AC79-F2F75FADFD04}.Release|Any CPU.ActiveCfg = Release|Any CPU
		{BAFF94CA-FC6C-4563-AC79-F2F75FADFD04}.Release|Any CPU.Build.0 = Release|Any CPU
		{BAFF94CA-FC6C-4563-AC79-F2F75FADFD04}.Release|x64.ActiveCfg = Release|Any CPU
		{BAFF94CA-FC6C-4563-AC79-F2F75FADFD04}.Release|x64.Build.0 = Release|Any CPU
		{BAFF94CA-FC6C-4563-AC79-F2F75FADFD04}.Release|x86.ActiveCfg = Release|Any CPU
		{BAFF94CA-FC6C-4563-AC79-F2F75FADFD04}.Release|x86.Build.0 = Release|Any CPU
		{D325B54D-5A77-4567-A93F-932B88380E9E}.Debug|Any CPU.ActiveCfg = Debug|Any CPU
		{D325B54D-5A77-4567-A93F-932B88380E9E}.Debug|Any CPU.Build.0 = Debug|Any CPU
		{D325B54D-5A77-4567-A93F-932B88380E9E}.Debug|x64.ActiveCfg = Debug|Any CPU
		{D325B54D-5A77-4567-A93F-932B88380E9E}.Debug|x64.Build.0 = Debug|Any CPU
		{D325B54D-5A77-4567-A93F-932B88380E9E}.Debug|x86.ActiveCfg = Debug|Any CPU
		{D325B54D-5A77-4567-A93F-932B88380E9E}.Debug|x86.Build.0 = Debug|Any CPU
		{D325B54D-5A77-4567-A93F-932B88380E9E}.Release|Any CPU.ActiveCfg = Release|Any CPU
		{D325B54D-5A77-4567-A93F-932B88380E9E}.Release|Any CPU.Build.0 = Release|Any CPU
		{D325B54D-5A77-4567-A93F-932B88380E9E}.Release|x64.ActiveCfg = Release|Any CPU
		{D325B54D-5A77-4567-A93F-932B88380E9E}.Release|x64.Build.0 = Release|Any CPU
		{D325B54D-5A77-4567-A93F-932B88380E9E}.Release|x86.ActiveCfg = Release|Any CPU
		{D325B54D-5A77-4567-A93F-932B88380E9E}.Release|x86.Build.0 = Release|Any CPU
		{0F744FE8-86CE-4B25-8EEB-A73338C2C055}.Debug|Any CPU.ActiveCfg = Debug|Any CPU
		{0F744FE8-86CE-4B25-8EEB-A73338C2C055}.Debug|Any CPU.Build.0 = Debug|Any CPU
		{0F744FE8-86CE-4B25-8EEB-A73338C2C055}.Debug|x64.ActiveCfg = Debug|Any CPU
		{0F744FE8-86CE-4B25-8EEB-A73338C2C055}.Debug|x64.Build.0 = Debug|Any CPU
		{0F744FE8-86CE-4B25-8EEB-A73338C2C055}.Debug|x86.ActiveCfg = Debug|Any CPU
		{0F744FE8-86CE-4B25-8EEB-A73338C2C055}.Debug|x86.Build.0 = Debug|Any CPU
		{0F744FE8-86CE-4B25-8EEB-A73338C2C055}.Release|Any CPU.ActiveCfg = Release|Any CPU
		{0F744FE8-86CE-4B25-8EEB-A73338C2C055}.Release|Any CPU.Build.0 = Release|Any CPU
		{0F744FE8-86CE-4B25-8EEB-A73338C2C055}.Release|x64.ActiveCfg = Release|Any CPU
		{0F744FE8-86CE-4B25-8EEB-A73338C2C055}.Release|x64.Build.0 = Release|Any CPU
		{0F744FE8-86CE-4B25-8EEB-A73338C2C055}.Release|x86.ActiveCfg = Release|Any CPU
		{0F744FE8-86CE-4B25-8EEB-A73338C2C055}.Release|x86.Build.0 = Release|Any CPU
	EndGlobalSection
	GlobalSection(SolutionProperties) = preSolution
		HideSolutionNode = FALSE
	EndGlobalSection
	GlobalSection(NestedProjects) = preSolution
		{AD944A97-C7AB-9FF9-CF95-0754C90314A8} = {827E0CD3-B72D-47B6-A68D-7590B98EB39B}
		{2EF28482-9D1F-E239-0ED4-D8BE00B43584} = {827E0CD3-B72D-47B6-A68D-7590B98EB39B}
		{15A85172-8A6C-1308-F5B0-4332248F1A9A} = {827E0CD3-B72D-47B6-A68D-7590B98EB39B}
		{84E65BE9-824C-74A1-CDD3-EFBA60038387} = {827E0CD3-B72D-47B6-A68D-7590B98EB39B}
		{F5834BB5-0699-4B94-B66A-71CFAFCBA445} = {827E0CD3-B72D-47B6-A68D-7590B98EB39B}
		{20796394-C5A9-4EF4-8248-AD9FE7551E0A} = {827E0CD3-B72D-47B6-A68D-7590B98EB39B}
		{DDD4C768-74A1-4EE6-B1FD-8D0EF790AB29} = {827E0CD3-B72D-47B6-A68D-7590B98EB39B}
		{3031AB10-1805-4F98-8316-EE0B503C06C3} = {0AB3BF05-4346-4AA6-1389-037BE0695223}
		{BAFF94CA-FC6C-4563-AC79-F2F75FADFD04} = {0AB3BF05-4346-4AA6-1389-037BE0695223}
		{D325B54D-5A77-4567-A93F-932B88380E9E} = {0AB3BF05-4346-4AA6-1389-037BE0695223}
		{0F744FE8-86CE-4B25-8EEB-A73338C2C055} = {0AB3BF05-4346-4AA6-1389-037BE0695223}
	EndGlobalSection
	GlobalSection(ExtensibilityGlobals) = postSolution
		SolutionGuid = {2B5B49D1-CA22-4BA2-A41C-0E5711B980D4}
	EndGlobalSection
EndGlobal
