
Microsoft Visual Studio Solution File, Format Version 12.00
# Visual Studio Version 17
VisualStudioVersion = 17.5.2.0
MinimumVisualStudioVersion = 10.0.40219.1
Project("{2150E333-8FDC-42A3-9474-1A3956D46DE8}") = "src", "src", "{827E0CD3-B72D-47B6-A68D-7590B98EB39B}"
EndProject
Project("{FAE04EC0-301F-11D3-BF4B-00C04F79EFBC}") = "Hartonomous.Admin", "src\Hartonomous.Admin\Hartonomous.Admin.csproj", "{EB3F6D77-1C1F-4F75-8D25-12D08763C3C5}"
EndProject
Project("{FAE04EC0-301F-11D3-BF4B-00C04F79EFBC}") = "Hartonomous.Core", "src\Hartonomous.Core\Hartonomous.Core.csproj", "{F5834BB5-0699-4B94-B66A-71CFAFCBA445}"
EndProject
Project("{FAE04EC0-301F-11D3-BF4B-00C04F79EFBC}") = "Hartonomous.Data", "src\Hartonomous.Data\Hartonomous.Data.csproj", "{20796394-C5A9-4EF4-8248-AD9FE7551E0A}"
EndProject
Project("{FAE04EC0-301F-11D3-BF4B-00C04F79EFBC}") = "Hartonomous.Infrastructure", "src\Hartonomous.Infrastructure\Hartonomous.Infrastructure.csproj", "{DDD4C768-74A1-4EE6-B1FD-8D0EF790AB29}"
EndProject
Project("{FAE04EC0-301F-11D3-BF4B-00C04F79EFBC}") = "Hartonomous.Shared.Contracts", "src\Hartonomous.Shared.Contracts\Hartonomous.Shared.Contracts.csproj", "{0D31C0C7-6FDB-4CE5-A5ED-EF6F0F514B55}"
EndProject
Project("{2150E333-8FDC-42A3-9474-1A3956D46DE8}") = "tests", "tests", "{0AB3BF05-4346-4AA6-1389-037BE0695223}"
EndProject
Project("{FAE04EC0-301F-11D3-BF4B-00C04F79EFBC}") = "Hartonomous.UnitTests", "tests\Hartonomous.UnitTests\Hartonomous.UnitTests.csproj", "{C7AF0F85-3415-4F19-871D-A0EC9E01B95C}"
EndProject
Project("{FAE04EC0-301F-11D3-BF4B-00C04F79EFBC}") = "Hartonomous.IntegrationTests", "tests\Hartonomous.IntegrationTests\Hartonomous.IntegrationTests.csproj", "{B9B4D79C-07A7-4A0E-B688-CE7A6A2A47C0}"
EndProject
Project("{FAE04EC0-301F-11D3-BF4B-00C04F79EFBC}") = "Hartonomous.DatabaseTests", "tests\Hartonomous.DatabaseTests\Hartonomous.DatabaseTests.csproj", "{1E7A0E68-5EFA-4AC0-AB7D-411C8C42BB02}"
EndProject
Project("{FAE04EC0-301F-11D3-BF4B-00C04F79EFBC}") = "Hartonomous.EndToEndTests", "tests\Hartonomous.EndToEndTests\Hartonomous.EndToEndTests.csproj", "{9C58C47B-9E9B-4AB1-8AB2-2F3F5D13C9A5}"
EndProject
Project("{FAE04EC0-301F-11D3-BF4B-00C04F79EFBC}") = "Hartonomous.Api", "src\Hartonomous.Api\Hartonomous.Api.csproj", "{F22BDA52-DB8A-425C-91E0-3BC8FD7093D5}"
EndProject
Project("{FAE04EC0-301F-11D3-BF4B-00C04F79EFBC}") = "Hartonomous.Core.Performance", "src\Hartonomous.Core.Performance\Hartonomous.Core.Performance.csproj", "{C58322DF-3A7F-4E2A-9FE8-C2EEAE7F52E9}"
EndProject
Project("{00D1A9C2-B5F0-4AF3-8A68-F64606F63777}") = "Hartonomous.Database", "src\Hartonomous.Database\Hartonomous.Database.sqlproj", "{3A8F7B4E-9D2C-4F1A-B5E6-7C8D9E0F1A2B}"
EndProject
Project("{FAE04EC0-301F-11D3-BF4B-00C04F79EFBC}") = "Hartonomous.Workers.CesConsumer", "src\Hartonomous.Workers.CesConsumer\Hartonomous.Workers.CesConsumer.csproj", "{FD6E199A-8331-41C6-8CF2-1185A2AE4F66}"
EndProject
Project("{FAE04EC0-301F-11D3-BF4B-00C04F79EFBC}") = "Hartonomous.Workers.Neo4jSync", "src\Hartonomous.Workers.Neo4jSync\Hartonomous.Workers.Neo4jSync.csproj", "{561D614D-26CD-46B5-B5B1-7324C4D175BC}"
EndProject
Project("{FAE04EC0-301F-11D3-BF4B-00C04F79EFBC}") = "Hartonomous.Data.Entities", "src\Hartonomous.Data.Entities\Hartonomous.Data.Entities.csproj", "{6FA0604F-4DC8-4DB2-BF69-10C1F2C9A35D}"
EndProject
Global
	GlobalSection(SolutionConfigurationPlatforms) = preSolution
		Debug|Any CPU = Debug|Any CPU
		Debug|x64 = Debug|x64
		Debug|x86 = Debug|x86
		Release|Any CPU = Release|Any CPU
		Release|x64 = Release|x64
		Release|x86 = Release|x86
	EndGlobalSection
	GlobalSection(ProjectConfigurationPlatforms) = postSolution
		{EB3F6D77-1C1F-4F75-8D25-12D08763C3C5}.Debug|Any CPU.ActiveCfg = Debug|Any CPU
		{EB3F6D77-1C1F-4F75-8D25-12D08763C3C5}.Debug|Any CPU.Build.0 = Debug|Any CPU
		{EB3F6D77-1C1F-4F75-8D25-12D08763C3C5}.Debug|x64.ActiveCfg = Debug|Any CPU
		{EB3F6D77-1C1F-4F75-8D25-12D08763C3C5}.Debug|x64.Build.0 = Debug|Any CPU
		{EB3F6D77-1C1F-4F75-8D25-12D08763C3C5}.Debug|x86.ActiveCfg = Debug|Any CPU
		{EB3F6D77-1C1F-4F75-8D25-12D08763C3C5}.Debug|x86.Build.0 = Debug|Any CPU
		{EB3F6D77-1C1F-4F75-8D25-12D08763C3C5}.Release|Any CPU.ActiveCfg = Release|Any CPU
		{EB3F6D77-1C1F-4F75-8D25-12D08763C3C5}.Release|Any CPU.Build.0 = Release|Any CPU
		{EB3F6D77-1C1F-4F75-8D25-12D08763C3C5}.Release|x64.ActiveCfg = Release|Any CPU
		{EB3F6D77-1C1F-4F75-8D25-12D08763C3C5}.Release|x64.Build.0 = Release|Any CPU
		{EB3F6D77-1C1F-4F75-8D25-12D08763C3C5}.Release|x86.ActiveCfg = Release|Any CPU
		{EB3F6D77-1C1F-4F75-8D25-12D08763C3C5}.Release|x86.Build.0 = Release|Any CPU
		{F5834BB5-0699-4B94-B66A-71CFAFCBA445}.Debug|Any CPU.ActiveCfg = Debug|Any CPU
		{F5834BB5-0699-4B94-B66A-71CFAFCBA445}.Debug|Any CPU.Build.0 = Debug|Any CPU
		{F5834BB5-0699-4B94-B66A-71CFAFCBA445}.Debug|x64.ActiveCfg = Debug|Any CPU
		{F5834BB5-0699-4B94-B66A-71CFAFCBA445}.Debug|x64.Build.0 = Debug|Any CPU
		{F5834BB5-0699-4B94-B66A-71CFAFCBA445}.Debug|x86.ActiveCfg = Debug|Any CPU
		{F5834BB5-0699-4B94-B66A-71CFAFCBA445}.Debug|x86.Build.0 = Debug|Any CPU
		{F5834BB5-0699-4B94-B66A-71CFAFCBA445}.Release|Any CPU.ActiveCfg = Release|Any CPU
		{F5834BB5-0699-4B94-B66A-71CFAFCBA445}.Release|Any CPU.Build.0 = Release|Any CPU
		{F5834BB5-0699-4B94-B66A-71CFAFCBA445}.Release|x64.ActiveCfg = Release|Any CPU
		{F5834BB5-0699-4B94-B66A-71CFAFCBA445}.Release|x64.Build.0 = Release|Any CPU
		{F5834BB5-0699-4B94-B66A-71CFAFCBA445}.Release|x86.ActiveCfg = Release|Any CPU
		{F5834BB5-0699-4B94-B66A-71CFAFCBA445}.Release|x86.Build.0 = Release|Any CPU
		{20796394-C5A9-4EF4-8248-AD9FE7551E0A}.Debug|Any CPU.ActiveCfg = Debug|Any CPU
		{20796394-C5A9-4EF4-8248-AD9FE7551E0A}.Debug|Any CPU.Build.0 = Debug|Any CPU
		{20796394-C5A9-4EF4-8248-AD9FE7551E0A}.Debug|x64.ActiveCfg = Debug|Any CPU
		{20796394-C5A9-4EF4-8248-AD9FE7551E0A}.Debug|x64.Build.0 = Debug|Any CPU
		{20796394-C5A9-4EF4-8248-AD9FE7551E0A}.Debug|x86.ActiveCfg = Debug|Any CPU
		{20796394-C5A9-4EF4-8248-AD9FE7551E0A}.Debug|x86.Build.0 = Debug|Any CPU
		{20796394-C5A9-4EF4-8248-AD9FE7551E0A}.Release|Any CPU.ActiveCfg = Release|Any CPU
		{20796394-C5A9-4EF4-8248-AD9FE7551E0A}.Release|Any CPU.Build.0 = Release|Any CPU
		{20796394-C5A9-4EF4-8248-AD9FE7551E0A}.Release|x64.ActiveCfg = Release|Any CPU
		{20796394-C5A9-4EF4-8248-AD9FE7551E0A}.Release|x64.Build.0 = Release|Any CPU
		{20796394-C5A9-4EF4-8248-AD9FE7551E0A}.Release|x86.ActiveCfg = Release|Any CPU
		{20796394-C5A9-4EF4-8248-AD9FE7551E0A}.Release|x86.Build.0 = Release|Any CPU
		{DDD4C768-74A1-4EE6-B1FD-8D0EF790AB29}.Debug|Any CPU.ActiveCfg = Debug|Any CPU
		{DDD4C768-74A1-4EE6-B1FD-8D0EF790AB29}.Debug|Any CPU.Build.0 = Debug|Any CPU
		{DDD4C768-74A1-4EE6-B1FD-8D0EF790AB29}.Debug|x64.ActiveCfg = Debug|Any CPU
		{DDD4C768-74A1-4EE6-B1FD-8D0EF790AB29}.Debug|x64.Build.0 = Debug|Any CPU
		{DDD4C768-74A1-4EE6-B1FD-8D0EF790AB29}.Debug|x86.ActiveCfg = Debug|Any CPU
		{DDD4C768-74A1-4EE6-B1FD-8D0EF790AB29}.Debug|x86.Build.0 = Debug|Any CPU
		{DDD4C768-74A1-4EE6-B1FD-8D0EF790AB29}.Release|Any CPU.ActiveCfg = Release|Any CPU
		{DDD4C768-74A1-4EE6-B1FD-8D0EF790AB29}.Release|Any CPU.Build.0 = Release|Any CPU
		{DDD4C768-74A1-4EE6-B1FD-8D0EF790AB29}.Release|x64.ActiveCfg = Release|Any CPU
		{DDD4C768-74A1-4EE6-B1FD-8D0EF790AB29}.Release|x64.Build.0 = Release|Any CPU
		{DDD4C768-74A1-4EE6-B1FD-8D0EF790AB29}.Release|x86.ActiveCfg = Release|Any CPU
		{DDD4C768-74A1-4EE6-B1FD-8D0EF790AB29}.Release|x86.Build.0 = Release|Any CPU
		{0D31C0C7-6FDB-4CE5-A5ED-EF6F0F514B55}.Debug|Any CPU.ActiveCfg = Debug|Any CPU
		{0D31C0C7-6FDB-4CE5-A5ED-EF6F0F514B55}.Debug|Any CPU.Build.0 = Debug|Any CPU
		{0D31C0C7-6FDB-4CE5-A5ED-EF6F0F514B55}.Debug|x64.ActiveCfg = Debug|Any CPU
		{0D31C0C7-6FDB-4CE5-A5ED-EF6F0F514B55}.Debug|x64.Build.0 = Debug|Any CPU
		{0D31C0C7-6FDB-4CE5-A5ED-EF6F0F514B55}.Debug|x86.ActiveCfg = Debug|Any CPU
		{0D31C0C7-6FDB-4CE5-A5ED-EF6F0F514B55}.Debug|x86.Build.0 = Debug|Any CPU
		{0D31C0C7-6FDB-4CE5-A5ED-EF6F0F514B55}.Release|Any CPU.ActiveCfg = Release|Any CPU
		{0D31C0C7-6FDB-4CE5-A5ED-EF6F0F514B55}.Release|Any CPU.Build.0 = Release|Any CPU
		{0D31C0C7-6FDB-4CE5-A5ED-EF6F0F514B55}.Release|x64.ActiveCfg = Release|Any CPU
		{0D31C0C7-6FDB-4CE5-A5ED-EF6F0F514B55}.Release|x64.Build.0 = Release|Any CPU
		{0D31C0C7-6FDB-4CE5-A5ED-EF6F0F514B55}.Release|x86.ActiveCfg = Release|Any CPU
		{0D31C0C7-6FDB-4CE5-A5ED-EF6F0F514B55}.Release|x86.Build.0 = Release|Any CPU
		{C7AF0F85-3415-4F19-871D-A0EC9E01B95C}.Debug|Any CPU.ActiveCfg = Debug|Any CPU
		{C7AF0F85-3415-4F19-871D-A0EC9E01B95C}.Debug|Any CPU.Build.0 = Debug|Any CPU
		{C7AF0F85-3415-4F19-871D-A0EC9E01B95C}.Debug|x64.ActiveCfg = Debug|Any CPU
		{C7AF0F85-3415-4F19-871D-A0EC9E01B95C}.Debug|x64.Build.0 = Debug|Any CPU
		{C7AF0F85-3415-4F19-871D-A0EC9E01B95C}.Debug|x86.ActiveCfg = Debug|Any CPU
		{C7AF0F85-3415-4F19-871D-A0EC9E01B95C}.Debug|x86.Build.0 = Debug|Any CPU
		{C7AF0F85-3415-4F19-871D-A0EC9E01B95C}.Release|Any CPU.ActiveCfg = Release|Any CPU
		{C7AF0F85-3415-4F19-871D-A0EC9E01B95C}.Release|Any CPU.Build.0 = Release|Any CPU
		{C7AF0F85-3415-4F19-871D-A0EC9E01B95C}.Release|x64.ActiveCfg = Release|Any CPU
		{C7AF0F85-3415-4F19-871D-A0EC9E01B95C}.Release|x64.Build.0 = Release|Any CPU
		{C7AF0F85-3415-4F19-871D-A0EC9E01B95C}.Release|x86.ActiveCfg = Release|Any CPU
		{C7AF0F85-3415-4F19-871D-A0EC9E01B95C}.Release|x86.Build.0 = Release|Any CPU
		{B9B4D79C-07A7-4A0E-B688-CE7A6A2A47C0}.Debug|Any CPU.ActiveCfg = Debug|Any CPU
		{B9B4D79C-07A7-4A0E-B688-CE7A6A2A47C0}.Debug|Any CPU.Build.0 = Debug|Any CPU
		{B9B4D79C-07A7-4A0E-B688-CE7A6A2A47C0}.Debug|x64.ActiveCfg = Debug|Any CPU
		{B9B4D79C-07A7-4A0E-B688-CE7A6A2A47C0}.Debug|x64.Build.0 = Debug|Any CPU
		{B9B4D79C-07A7-4A0E-B688-CE7A6A2A47C0}.Debug|x86.ActiveCfg = Debug|Any CPU
		{B9B4D79C-07A7-4A0E-B688-CE7A6A2A47C0}.Debug|x86.Build.0 = Debug|Any CPU
		{B9B4D79C-07A7-4A0E-B688-CE7A6A2A47C0}.Release|Any CPU.ActiveCfg = Release|Any CPU
		{B9B4D79C-07A7-4A0E-B688-CE7A6A2A47C0}.Release|Any CPU.Build.0 = Release|Any CPU
		{B9B4D79C-07A7-4A0E-B688-CE7A6A2A47C0}.Release|x64.ActiveCfg = Release|Any CPU
		{B9B4D79C-07A7-4A0E-B688-CE7A6A2A47C0}.Release|x64.Build.0 = Release|Any CPU
		{B9B4D79C-07A7-4A0E-B688-CE7A6A2A47C0}.Release|x86.ActiveCfg = Release|Any CPU
		{B9B4D79C-07A7-4A0E-B688-CE7A6A2A47C0}.Release|x86.Build.0 = Release|Any CPU
		{1E7A0E68-5EFA-4AC0-AB7D-411C8C42BB02}.Debug|Any CPU.ActiveCfg = Debug|Any CPU
		{1E7A0E68-5EFA-4AC0-AB7D-411C8C42BB02}.Debug|Any CPU.Build.0 = Debug|Any CPU
		{1E7A0E68-5EFA-4AC0-AB7D-411C8C42BB02}.Debug|x64.ActiveCfg = Debug|Any CPU
		{1E7A0E68-5EFA-4AC0-AB7D-411C8C42BB02}.Debug|x64.Build.0 = Debug|Any CPU
		{1E7A0E68-5EFA-4AC0-AB7D-411C8C42BB02}.Debug|x86.ActiveCfg = Debug|Any CPU
		{1E7A0E68-5EFA-4AC0-AB7D-411C8C42BB02}.Debug|x86.Build.0 = Debug|Any CPU
		{1E7A0E68-5EFA-4AC0-AB7D-411C8C42BB02}.Release|Any CPU.ActiveCfg = Release|Any CPU
		{1E7A0E68-5EFA-4AC0-AB7D-411C8C42BB02}.Release|Any CPU.Build.0 = Release|Any CPU
		{1E7A0E68-5EFA-4AC0-AB7D-411C8C42BB02}.Release|x64.ActiveCfg = Release|Any CPU
		{1E7A0E68-5EFA-4AC0-AB7D-411C8C42BB02}.Release|x64.Build.0 = Release|Any CPU
		{1E7A0E68-5EFA-4AC0-AB7D-411C8C42BB02}.Release|x86.ActiveCfg = Release|Any CPU
		{1E7A0E68-5EFA-4AC0-AB7D-411C8C42BB02}.Release|x86.Build.0 = Release|Any CPU
		{9C58C47B-9E9B-4AB1-8AB2-2F3F5D13C9A5}.Debug|Any CPU.ActiveCfg = Debug|Any CPU
		{9C58C47B-9E9B-4AB1-8AB2-2F3F5D13C9A5}.Debug|Any CPU.Build.0 = Debug|Any CPU
		{9C58C47B-9E9B-4AB1-8AB2-2F3F5D13C9A5}.Debug|x64.ActiveCfg = Debug|Any CPU
		{9C58C47B-9E9B-4AB1-8AB2-2F3F5D13C9A5}.Debug|x64.Build.0 = Debug|Any CPU
		{9C58C47B-9E9B-4AB1-8AB2-2F3F5D13C9A5}.Debug|x86.ActiveCfg = Debug|Any CPU
		{9C58C47B-9E9B-4AB1-8AB2-2F3F5D13C9A5}.Debug|x86.Build.0 = Debug|Any CPU
		{9C58C47B-9E9B-4AB1-8AB2-2F3F5D13C9A5}.Release|Any CPU.ActiveCfg = Release|Any CPU
		{9C58C47B-9E9B-4AB1-8AB2-2F3F5D13C9A5}.Release|Any CPU.Build.0 = Release|Any CPU
		{9C58C47B-9E9B-4AB1-8AB2-2F3F5D13C9A5}.Release|x64.ActiveCfg = Release|Any CPU
		{9C58C47B-9E9B-4AB1-8AB2-2F3F5D13C9A5}.Release|x64.Build.0 = Release|Any CPU
		{9C58C47B-9E9B-4AB1-8AB2-2F3F5D13C9A5}.Release|x86.ActiveCfg = Release|Any CPU
		{9C58C47B-9E9B-4AB1-8AB2-2F3F5D13C9A5}.Release|x86.Build.0 = Release|Any CPU
		{F22BDA52-DB8A-425C-91E0-3BC8FD7093D5}.Debug|Any CPU.ActiveCfg = Debug|Any CPU
		{F22BDA52-DB8A-425C-91E0-3BC8FD7093D5}.Debug|Any CPU.Build.0 = Debug|Any CPU
		{F22BDA52-DB8A-425C-91E0-3BC8FD7093D5}.Debug|x64.ActiveCfg = Debug|Any CPU
		{F22BDA52-DB8A-425C-91E0-3BC8FD7093D5}.Debug|x64.Build.0 = Debug|Any CPU
		{F22BDA52-DB8A-425C-91E0-3BC8FD7093D5}.Debug|x86.ActiveCfg = Debug|Any CPU
		{F22BDA52-DB8A-425C-91E0-3BC8FD7093D5}.Debug|x86.Build.0 = Debug|Any CPU
		{F22BDA52-DB8A-425C-91E0-3BC8FD7093D5}.Release|Any CPU.ActiveCfg = Release|Any CPU
		{F22BDA52-DB8A-425C-91E0-3BC8FD7093D5}.Release|Any CPU.Build.0 = Release|Any CPU
		{F22BDA52-DB8A-425C-91E0-3BC8FD7093D5}.Release|x64.ActiveCfg = Release|Any CPU
		{F22BDA52-DB8A-425C-91E0-3BC8FD7093D5}.Release|x64.Build.0 = Release|Any CPU
		{F22BDA52-DB8A-425C-91E0-3BC8FD7093D5}.Release|x86.ActiveCfg = Release|Any CPU
		{F22BDA52-DB8A-425C-91E0-3BC8FD7093D5}.Release|x86.Build.0 = Release|Any CPU
		{C58322DF-3A7F-4E2A-9FE8-C2EEAE7F52E9}.Debug|Any CPU.ActiveCfg = Debug|Any CPU
		{C58322DF-3A7F-4E2A-9FE8-C2EEAE7F52E9}.Debug|Any CPU.Build.0 = Debug|Any CPU
		{C58322DF-3A7F-4E2A-9FE8-C2EEAE7F52E9}.Debug|x64.ActiveCfg = Debug|Any CPU
		{C58322DF-3A7F-4E2A-9FE8-C2EEAE7F52E9}.Debug|x64.Build.0 = Debug|Any CPU
		{C58322DF-3A7F-4E2A-9FE8-C2EEAE7F52E9}.Debug|x86.ActiveCfg = Debug|Any CPU
		{C58322DF-3A7F-4E2A-9FE8-C2EEAE7F52E9}.Debug|x86.Build.0 = Debug|Any CPU
		{C58322DF-3A7F-4E2A-9FE8-C2EEAE7F52E9}.Release|Any CPU.ActiveCfg = Release|Any CPU
		{C58322DF-3A7F-4E2A-9FE8-C2EEAE7F52E9}.Release|Any CPU.Build.0 = Release|Any CPU
		{C58322DF-3A7F-4E2A-9FE8-C2EEAE7F52E9}.Release|x64.ActiveCfg = Release|Any CPU
		{C58322DF-3A7F-4E2A-9FE8-C2EEAE7F52E9}.Release|x64.Build.0 = Release|Any CPU
		{C58322DF-3A7F-4E2A-9FE8-C2EEAE7F52E9}.Release|x86.ActiveCfg = Release|Any CPU
		{C58322DF-3A7F-4E2A-9FE8-C2EEAE7F52E9}.Release|x86.Build.0 = Release|Any CPU
		{3A8F7B4E-9D2C-4F1A-B5E6-7C8D9E0F1A2B}.Debug|Any CPU.ActiveCfg = Debug|Any CPU
		{3A8F7B4E-9D2C-4F1A-B5E6-7C8D9E0F1A2B}.Debug|Any CPU.Build.0 = Debug|Any CPU
		{3A8F7B4E-9D2C-4F1A-B5E6-7C8D9E0F1A2B}.Debug|x64.ActiveCfg = Debug|Any CPU
		{3A8F7B4E-9D2C-4F1A-B5E6-7C8D9E0F1A2B}.Debug|x64.Build.0 = Debug|Any CPU
		{3A8F7B4E-9D2C-4F1A-B5E6-7C8D9E0F1A2B}.Debug|x86.ActiveCfg = Debug|Any CPU
		{3A8F7B4E-9D2C-4F1A-B5E6-7C8D9E0F1A2B}.Debug|x86.Build.0 = Debug|Any CPU
		{3A8F7B4E-9D2C-4F1A-B5E6-7C8D9E0F1A2B}.Release|Any CPU.ActiveCfg = Release|Any CPU
		{3A8F7B4E-9D2C-4F1A-B5E6-7C8D9E0F1A2B}.Release|Any CPU.Build.0 = Release|Any CPU
		{3A8F7B4E-9D2C-4F1A-B5E6-7C8D9E0F1A2B}.Release|x64.ActiveCfg = Release|Any CPU
		{3A8F7B4E-9D2C-4F1A-B5E6-7C8D9E0F1A2B}.Release|x64.Build.0 = Release|Any CPU
		{3A8F7B4E-9D2C-4F1A-B5E6-7C8D9E0F1A2B}.Release|x86.ActiveCfg = Release|Any CPU
		{3A8F7B4E-9D2C-4F1A-B5E6-7C8D9E0F1A2B}.Release|x86.Build.0 = Release|Any CPU
		{FD6E199A-8331-41C6-8CF2-1185A2AE4F66}.Debug|Any CPU.ActiveCfg = Debug|Any CPU
		{FD6E199A-8331-41C6-8CF2-1185A2AE4F66}.Debug|Any CPU.Build.0 = Debug|Any CPU
		{FD6E199A-8331-41C6-8CF2-1185A2AE4F66}.Debug|x64.ActiveCfg = Debug|Any CPU
		{FD6E199A-8331-41C6-8CF2-1185A2AE4F66}.Debug|x64.Build.0 = Debug|Any CPU
		{FD6E199A-8331-41C6-8CF2-1185A2AE4F66}.Debug|x86.ActiveCfg = Debug|Any CPU
		{FD6E199A-8331-41C6-8CF2-1185A2AE4F66}.Debug|x86.Build.0 = Debug|Any CPU
		{FD6E199A-8331-41C6-8CF2-1185A2AE4F66}.Release|Any CPU.ActiveCfg = Release|Any CPU
		{FD6E199A-8331-41C6-8CF2-1185A2AE4F66}.Release|Any CPU.Build.0 = Release|Any CPU
		{FD6E199A-8331-41C6-8CF2-1185A2AE4F66}.Release|x64.ActiveCfg = Release|Any CPU
		{FD6E199A-8331-41C6-8CF2-1185A2AE4F66}.Release|x64.Build.0 = Release|Any CPU
		{FD6E199A-8331-41C6-8CF2-1185A2AE4F66}.Release|x86.ActiveCfg = Release|Any CPU
		{FD6E199A-8331-41C6-8CF2-1185A2AE4F66}.Release|x86.Build.0 = Release|Any CPU
		{561D614D-26CD-46B5-B5B1-7324C4D175BC}.Debug|Any CPU.ActiveCfg = Debug|Any CPU
		{561D614D-26CD-46B5-B5B1-7324C4D175BC}.Debug|Any CPU.Build.0 = Debug|Any CPU
		{561D614D-26CD-46B5-B5B1-7324C4D175BC}.Debug|x64.ActiveCfg = Debug|Any CPU
		{561D614D-26CD-46B5-B5B1-7324C4D175BC}.Debug|x64.Build.0 = Debug|Any CPU
		{561D614D-26CD-46B5-B5B1-7324C4D175BC}.Debug|x86.ActiveCfg = Debug|Any CPU
		{561D614D-26CD-46B5-B5B1-7324C4D175BC}.Debug|x86.Build.0 = Debug|Any CPU
		{561D614D-26CD-46B5-B5B1-7324C4D175BC}.Release|Any CPU.ActiveCfg = Release|Any CPU
		{561D614D-26CD-46B5-B5B1-7324C4D175BC}.Release|Any CPU.Build.0 = Release|Any CPU
		{561D614D-26CD-46B5-B5B1-7324C4D175BC}.Release|x64.ActiveCfg = Release|Any CPU
		{561D614D-26CD-46B5-B5B1-7324C4D175BC}.Release|x64.Build.0 = Release|Any CPU
		{561D614D-26CD-46B5-B5B1-7324C4D175BC}.Release|x86.ActiveCfg = Release|Any CPU
		{561D614D-26CD-46B5-B5B1-7324C4D175BC}.Release|x86.Build.0 = Release|Any CPU
		{6FA0604F-4DC8-4DB2-BF69-10C1F2C9A35D}.Debug|Any CPU.ActiveCfg = Debug|Any CPU
		{6FA0604F-4DC8-4DB2-BF69-10C1F2C9A35D}.Debug|Any CPU.Build.0 = Debug|Any CPU
		{6FA0604F-4DC8-4DB2-BF69-10C1F2C9A35D}.Debug|x64.ActiveCfg = Debug|Any CPU
		{6FA0604F-4DC8-4DB2-BF69-10C1F2C9A35D}.Debug|x64.Build.0 = Debug|Any CPU
		{6FA0604F-4DC8-4DB2-BF69-10C1F2C9A35D}.Debug|x86.ActiveCfg = Debug|Any CPU
		{6FA0604F-4DC8-4DB2-BF69-10C1F2C9A35D}.Debug|x86.Build.0 = Debug|Any CPU
		{6FA0604F-4DC8-4DB2-BF69-10C1F2C9A35D}.Release|Any CPU.ActiveCfg = Release|Any CPU
		{6FA0604F-4DC8-4DB2-BF69-10C1F2C9A35D}.Release|Any CPU.Build.0 = Release|Any CPU
		{6FA0604F-4DC8-4DB2-BF69-10C1F2C9A35D}.Release|x64.ActiveCfg = Release|Any CPU
		{6FA0604F-4DC8-4DB2-BF69-10C1F2C9A35D}.Release|x64.Build.0 = Release|Any CPU
		{6FA0604F-4DC8-4DB2-BF69-10C1F2C9A35D}.Release|x86.ActiveCfg = Release|Any CPU
		{6FA0604F-4DC8-4DB2-BF69-10C1F2C9A35D}.Release|x86.Build.0 = Release|Any CPU
	EndGlobalSection
	GlobalSection(SolutionProperties) = preSolution
		HideSolutionNode = FALSE
	EndGlobalSection
	GlobalSection(NestedProjects) = preSolution
		{EB3F6D77-1C1F-4F75-8D25-12D08763C3C5} = {827E0CD3-B72D-47B6-A68D-7590B98EB39B}
		{F5834BB5-0699-4B94-B66A-71CFAFCBA445} = {827E0CD3-B72D-47B6-A68D-7590B98EB39B}
		{20796394-C5A9-4EF4-8248-AD9FE7551E0A} = {827E0CD3-B72D-47B6-A68D-7590B98EB39B}
		{DDD4C768-74A1-4EE6-B1FD-8D0EF790AB29} = {827E0CD3-B72D-47B6-A68D-7590B98EB39B}
		{0D31C0C7-6FDB-4CE5-A5ED-EF6F0F514B55} = {827E0CD3-B72D-47B6-A68D-7590B98EB39B}
		{C7AF0F85-3415-4F19-871D-A0EC9E01B95C} = {0AB3BF05-4346-4AA6-1389-037BE0695223}
		{B9B4D79C-07A7-4A0E-B688-CE7A6A2A47C0} = {0AB3BF05-4346-4AA6-1389-037BE0695223}
		{1E7A0E68-5EFA-4AC0-AB7D-411C8C42BB02} = {0AB3BF05-4346-4AA6-1389-037BE0695223}
		{9C58C47B-9E9B-4AB1-8AB2-2F3F5D13C9A5} = {0AB3BF05-4346-4AA6-1389-037BE0695223}
		{F22BDA52-DB8A-425C-91E0-3BC8FD7093D5} = {827E0CD3-B72D-47B6-A68D-7590B98EB39B}
		{C58322DF-3A7F-4E2A-9FE8-C2EEAE7F52E9} = {827E0CD3-B72D-47B6-A68D-7590B98EB39B}
		{3A8F7B4E-9D2C-4F1A-B5E6-7C8D9E0F1A2B} = {827E0CD3-B72D-47B6-A68D-7590B98EB39B}
		{FD6E199A-8331-41C6-8CF2-1185A2AE4F66} = {827E0CD3-B72D-47B6-A68D-7590B98EB39B}
		{561D614D-26CD-46B5-B5B1-7324C4D175BC} = {827E0CD3-B72D-47B6-A68D-7590B98EB39B}
		{6FA0604F-4DC8-4DB2-BF69-10C1F2C9A35D} = {827E0CD3-B72D-47B6-A68D-7590B98EB39B}
	EndGlobalSection
	GlobalSection(ExtensibilityGlobals) = postSolution
		SolutionGuid = {2B5B49D1-CA22-4BA2-A41C-0E5711B980D4}
	EndGlobalSection
EndGlobal
